// !$*UTF8*$!
{
	archiveVersion = 1;
	classes = {
	};
	objectVersion = 56;
	objects = {

/* Begin PBXBuildFile section */
		D91CFD732AE8507300646FB9 /* UITextField+.swift in Sources */ = {isa = PBXBuildFile; fileRef = D91CFD722AE8507300646FB9 /* UITextField+.swift */; };
		D956CEBC2AF3EDDE00AAD117 /* ViewController.swift in Sources */ = {isa = PBXBuildFile; fileRef = D956CEBB2AF3EDDE00AAD117 /* ViewController.swift */; };
		D956CEC72AF3F41100AAD117 /* HomePresenter.swift in Sources */ = {isa = PBXBuildFile; fileRef = D956CEC12AF3F41100AAD117 /* HomePresenter.swift */; };
		D956CEC82AF3F41100AAD117 /* HomeWorker.swift in Sources */ = {isa = PBXBuildFile; fileRef = D956CEC22AF3F41100AAD117 /* HomeWorker.swift */; };
		D956CEC92AF3F41100AAD117 /* HomeRouter.swift in Sources */ = {isa = PBXBuildFile; fileRef = D956CEC32AF3F41100AAD117 /* HomeRouter.swift */; };
		D956CECA2AF3F41100AAD117 /* HomeModels.swift in Sources */ = {isa = PBXBuildFile; fileRef = D956CEC42AF3F41100AAD117 /* HomeModels.swift */; };
		D956CECB2AF3F41100AAD117 /* HomeViewController.swift in Sources */ = {isa = PBXBuildFile; fileRef = D956CEC52AF3F41100AAD117 /* HomeViewController.swift */; };
		D956CECC2AF3F41100AAD117 /* HomeInteractor.swift in Sources */ = {isa = PBXBuildFile; fileRef = D956CEC62AF3F41100AAD117 /* HomeInteractor.swift */; };
		D956CECE2AF3FC2600AAD117 /* HomeView.swift in Sources */ = {isa = PBXBuildFile; fileRef = D956CECD2AF3FC2600AAD117 /* HomeView.swift */; };
		D956CED52AF400D700AAD117 /* LoginPresenter.swift in Sources */ = {isa = PBXBuildFile; fileRef = D956CECF2AF400D700AAD117 /* LoginPresenter.swift */; };
		D956CED62AF400D700AAD117 /* LoginWorker.swift in Sources */ = {isa = PBXBuildFile; fileRef = D956CED02AF400D700AAD117 /* LoginWorker.swift */; };
		D956CED72AF400D700AAD117 /* LoginRouter.swift in Sources */ = {isa = PBXBuildFile; fileRef = D956CED12AF400D700AAD117 /* LoginRouter.swift */; };
		D956CED82AF400D700AAD117 /* LoginModels.swift in Sources */ = {isa = PBXBuildFile; fileRef = D956CED22AF400D700AAD117 /* LoginModels.swift */; };
		D956CED92AF400D700AAD117 /* LoginViewController.swift in Sources */ = {isa = PBXBuildFile; fileRef = D956CED32AF400D700AAD117 /* LoginViewController.swift */; };
		D956CEDA2AF400D700AAD117 /* LoginInteractor.swift in Sources */ = {isa = PBXBuildFile; fileRef = D956CED42AF400D700AAD117 /* LoginInteractor.swift */; };
		D956CEDC2AF400EB00AAD117 /* LoginView.swift in Sources */ = {isa = PBXBuildFile; fileRef = D956CEDB2AF400EA00AAD117 /* LoginView.swift */; };
		D956CEE32AF402EE00AAD117 /* RegisterPresenter.swift in Sources */ = {isa = PBXBuildFile; fileRef = D956CEDD2AF402EE00AAD117 /* RegisterPresenter.swift */; };
		D956CEE42AF402EE00AAD117 /* RegisterWorker.swift in Sources */ = {isa = PBXBuildFile; fileRef = D956CEDE2AF402EE00AAD117 /* RegisterWorker.swift */; };
		D956CEE52AF402EE00AAD117 /* RegisterRouter.swift in Sources */ = {isa = PBXBuildFile; fileRef = D956CEDF2AF402EE00AAD117 /* RegisterRouter.swift */; };
		D956CEE62AF402EE00AAD117 /* RegisterModels.swift in Sources */ = {isa = PBXBuildFile; fileRef = D956CEE02AF402EE00AAD117 /* RegisterModels.swift */; };
		D956CEE72AF402EE00AAD117 /* RegisterViewController.swift in Sources */ = {isa = PBXBuildFile; fileRef = D956CEE12AF402EE00AAD117 /* RegisterViewController.swift */; };
		D956CEE82AF402EE00AAD117 /* RegisterInteractor.swift in Sources */ = {isa = PBXBuildFile; fileRef = D956CEE22AF402EE00AAD117 /* RegisterInteractor.swift */; };
		D956CEEA2AF402FC00AAD117 /* RegisterView.swift in Sources */ = {isa = PBXBuildFile; fileRef = D956CEE92AF402FC00AAD117 /* RegisterView.swift */; };
		D97797572ADC84A8001A3047 /* AppDelegate.swift in Sources */ = {isa = PBXBuildFile; fileRef = D97797562ADC84A8001A3047 /* AppDelegate.swift */; };
		D97797592ADC84A9001A3047 /* SceneDelegate.swift in Sources */ = {isa = PBXBuildFile; fileRef = D97797582ADC84A9001A3047 /* SceneDelegate.swift */; };
		D97797602ADC84AA001A3047 /* Assets.xcassets in Resources */ = {isa = PBXBuildFile; fileRef = D977975F2ADC84AA001A3047 /* Assets.xcassets */; };
		D977976B2ADC8747001A3047 /* GoogleService-Info.plist in Resources */ = {isa = PBXBuildFile; fileRef = D977976A2ADC8747001A3047 /* GoogleService-Info.plist */; };
		D97B273E2AE5E6DD001130AA /* FirebaseAnalytics in Frameworks */ = {isa = PBXBuildFile; productRef = D97B273D2AE5E6DD001130AA /* FirebaseAnalytics */; };
		D97B27402AE5E6DD001130AA /* FirebaseAnalyticsOnDeviceConversion in Frameworks */ = {isa = PBXBuildFile; productRef = D97B273F2AE5E6DD001130AA /* FirebaseAnalyticsOnDeviceConversion */; };
		D97B27422AE5E6DD001130AA /* FirebaseAnalyticsSwift in Frameworks */ = {isa = PBXBuildFile; productRef = D97B27412AE5E6DD001130AA /* FirebaseAnalyticsSwift */; };
		D97B27442AE5E6DD001130AA /* FirebaseAnalyticsWithoutAdIdSupport in Frameworks */ = {isa = PBXBuildFile; productRef = D97B27432AE5E6DD001130AA /* FirebaseAnalyticsWithoutAdIdSupport */; };
		D97B27462AE5E6DD001130AA /* FirebaseAppCheck in Frameworks */ = {isa = PBXBuildFile; productRef = D97B27452AE5E6DD001130AA /* FirebaseAppCheck */; };
		D97B27482AE5E6DD001130AA /* FirebaseAppDistribution-Beta in Frameworks */ = {isa = PBXBuildFile; productRef = D97B27472AE5E6DD001130AA /* FirebaseAppDistribution-Beta */; };
		D97B274A2AE5E6DD001130AA /* FirebaseAuth in Frameworks */ = {isa = PBXBuildFile; productRef = D97B27492AE5E6DD001130AA /* FirebaseAuth */; };
		D97B274C2AE5E6DD001130AA /* FirebaseAuthCombine-Community in Frameworks */ = {isa = PBXBuildFile; productRef = D97B274B2AE5E6DD001130AA /* FirebaseAuthCombine-Community */; };
		D97B274E2AE5E6DD001130AA /* FirebaseCrashlytics in Frameworks */ = {isa = PBXBuildFile; productRef = D97B274D2AE5E6DD001130AA /* FirebaseCrashlytics */; };
		D97B27502AE5E6DD001130AA /* FirebaseDatabase in Frameworks */ = {isa = PBXBuildFile; productRef = D97B274F2AE5E6DD001130AA /* FirebaseDatabase */; };
		D97B27522AE5E6DD001130AA /* FirebaseDatabaseSwift in Frameworks */ = {isa = PBXBuildFile; productRef = D97B27512AE5E6DD001130AA /* FirebaseDatabaseSwift */; };
		D97B27542AE5E6DD001130AA /* FirebaseDynamicLinks in Frameworks */ = {isa = PBXBuildFile; productRef = D97B27532AE5E6DD001130AA /* FirebaseDynamicLinks */; };
		D97B27562AE5E6DD001130AA /* FirebaseFirestore in Frameworks */ = {isa = PBXBuildFile; productRef = D97B27552AE5E6DD001130AA /* FirebaseFirestore */; };
		D97B27582AE5E6DD001130AA /* FirebaseFirestoreCombine-Community in Frameworks */ = {isa = PBXBuildFile; productRef = D97B27572AE5E6DD001130AA /* FirebaseFirestoreCombine-Community */; };
		D97B275A2AE5E6DD001130AA /* FirebaseFirestoreSwift in Frameworks */ = {isa = PBXBuildFile; productRef = D97B27592AE5E6DD001130AA /* FirebaseFirestoreSwift */; };
		D97B275C2AE5E6DD001130AA /* FirebaseFunctions in Frameworks */ = {isa = PBXBuildFile; productRef = D97B275B2AE5E6DD001130AA /* FirebaseFunctions */; };
		D97B275E2AE5E6DD001130AA /* FirebaseFunctionsCombine-Community in Frameworks */ = {isa = PBXBuildFile; productRef = D97B275D2AE5E6DD001130AA /* FirebaseFunctionsCombine-Community */; };
		D97B27602AE5E6DD001130AA /* FirebaseInAppMessaging-Beta in Frameworks */ = {isa = PBXBuildFile; productRef = D97B275F2AE5E6DD001130AA /* FirebaseInAppMessaging-Beta */; };
		D97B27622AE5E6DD001130AA /* FirebaseInAppMessagingSwift-Beta in Frameworks */ = {isa = PBXBuildFile; productRef = D97B27612AE5E6DD001130AA /* FirebaseInAppMessagingSwift-Beta */; };
		D97B27642AE5E6DD001130AA /* FirebaseInstallations in Frameworks */ = {isa = PBXBuildFile; productRef = D97B27632AE5E6DD001130AA /* FirebaseInstallations */; };
		D97B27662AE5E6DD001130AA /* FirebaseMLModelDownloader in Frameworks */ = {isa = PBXBuildFile; productRef = D97B27652AE5E6DD001130AA /* FirebaseMLModelDownloader */; };
		D97B27682AE5E6DD001130AA /* FirebaseMessaging in Frameworks */ = {isa = PBXBuildFile; productRef = D97B27672AE5E6DD001130AA /* FirebaseMessaging */; };
		D97B276A2AE5E6DD001130AA /* FirebasePerformance in Frameworks */ = {isa = PBXBuildFile; productRef = D97B27692AE5E6DD001130AA /* FirebasePerformance */; };
		D97B276C2AE5E6DD001130AA /* FirebaseRemoteConfig in Frameworks */ = {isa = PBXBuildFile; productRef = D97B276B2AE5E6DD001130AA /* FirebaseRemoteConfig */; };
		D97B276E2AE5E6DD001130AA /* FirebaseRemoteConfigSwift in Frameworks */ = {isa = PBXBuildFile; productRef = D97B276D2AE5E6DD001130AA /* FirebaseRemoteConfigSwift */; };
		D97B27702AE5E6DD001130AA /* FirebaseStorage in Frameworks */ = {isa = PBXBuildFile; productRef = D97B276F2AE5E6DD001130AA /* FirebaseStorage */; };
		D97B27722AE5E6DD001130AA /* FirebaseStorageCombine-Community in Frameworks */ = {isa = PBXBuildFile; productRef = D97B27712AE5E6DD001130AA /* FirebaseStorageCombine-Community */; };
		D9B42B822ADECC510076AB9D /* UserProvider.swift in Sources */ = {isa = PBXBuildFile; fileRef = D9B42B812ADECC510076AB9D /* UserProvider.swift */; };
		D9B42B842ADECD2B0076AB9D /* UserModel.swift in Sources */ = {isa = PBXBuildFile; fileRef = D9B42B832ADECD2B0076AB9D /* UserModel.swift */; };
		D9B42B872ADED27E0076AB9D /* Constants.swift in Sources */ = {isa = PBXBuildFile; fileRef = D9B42B862ADED27E0076AB9D /* Constants.swift */; };
		D9B42B892ADED6960076AB9D /* UserBusiness.swift in Sources */ = {isa = PBXBuildFile; fileRef = D9B42B882ADED6960076AB9D /* UserBusiness.swift */; };
		D9B42B8B2ADF0D3A0076AB9D /* UserManager.swift in Sources */ = {isa = PBXBuildFile; fileRef = D9B42B8A2ADF0D3A0076AB9D /* UserManager.swift */; };
		D9E275DF2AE706470075E628 /* UIColor+.swift in Sources */ = {isa = PBXBuildFile; fileRef = D9E275DE2AE706470075E628 /* UIColor+.swift */; };
/* End PBXBuildFile section */

/* Begin PBXFileReference section */
		D91CFD722AE8507300646FB9 /* UITextField+.swift */ = {isa = PBXFileReference; lastKnownFileType = sourcecode.swift; path = "UITextField+.swift"; sourceTree = "<group>"; };
		D956CEBB2AF3EDDE00AAD117 /* ViewController.swift */ = {isa = PBXFileReference; lastKnownFileType = sourcecode.swift; path = ViewController.swift; sourceTree = "<group>"; };
		D956CEC12AF3F41100AAD117 /* HomePresenter.swift */ = {isa = PBXFileReference; lastKnownFileType = sourcecode.swift; path = HomePresenter.swift; sourceTree = "<group>"; };
		D956CEC22AF3F41100AAD117 /* HomeWorker.swift */ = {isa = PBXFileReference; lastKnownFileType = sourcecode.swift; path = HomeWorker.swift; sourceTree = "<group>"; };
		D956CEC32AF3F41100AAD117 /* HomeRouter.swift */ = {isa = PBXFileReference; lastKnownFileType = sourcecode.swift; path = HomeRouter.swift; sourceTree = "<group>"; };
		D956CEC42AF3F41100AAD117 /* HomeModels.swift */ = {isa = PBXFileReference; lastKnownFileType = sourcecode.swift; path = HomeModels.swift; sourceTree = "<group>"; };
		D956CEC52AF3F41100AAD117 /* HomeViewController.swift */ = {isa = PBXFileReference; lastKnownFileType = sourcecode.swift; path = HomeViewController.swift; sourceTree = "<group>"; };
		D956CEC62AF3F41100AAD117 /* HomeInteractor.swift */ = {isa = PBXFileReference; lastKnownFileType = sourcecode.swift; path = HomeInteractor.swift; sourceTree = "<group>"; };
		D956CECD2AF3FC2600AAD117 /* HomeView.swift */ = {isa = PBXFileReference; lastKnownFileType = sourcecode.swift; path = HomeView.swift; sourceTree = "<group>"; };
		D956CECF2AF400D700AAD117 /* LoginPresenter.swift */ = {isa = PBXFileReference; lastKnownFileType = sourcecode.swift; path = LoginPresenter.swift; sourceTree = "<group>"; };
		D956CED02AF400D700AAD117 /* LoginWorker.swift */ = {isa = PBXFileReference; lastKnownFileType = sourcecode.swift; path = LoginWorker.swift; sourceTree = "<group>"; };
		D956CED12AF400D700AAD117 /* LoginRouter.swift */ = {isa = PBXFileReference; lastKnownFileType = sourcecode.swift; path = LoginRouter.swift; sourceTree = "<group>"; };
		D956CED22AF400D700AAD117 /* LoginModels.swift */ = {isa = PBXFileReference; lastKnownFileType = sourcecode.swift; path = LoginModels.swift; sourceTree = "<group>"; };
		D956CED32AF400D700AAD117 /* LoginViewController.swift */ = {isa = PBXFileReference; lastKnownFileType = sourcecode.swift; path = LoginViewController.swift; sourceTree = "<group>"; };
		D956CED42AF400D700AAD117 /* LoginInteractor.swift */ = {isa = PBXFileReference; lastKnownFileType = sourcecode.swift; path = LoginInteractor.swift; sourceTree = "<group>"; };
		D956CEDB2AF400EA00AAD117 /* LoginView.swift */ = {isa = PBXFileReference; lastKnownFileType = sourcecode.swift; path = LoginView.swift; sourceTree = "<group>"; };
		D956CEDD2AF402EE00AAD117 /* RegisterPresenter.swift */ = {isa = PBXFileReference; lastKnownFileType = sourcecode.swift; path = RegisterPresenter.swift; sourceTree = "<group>"; };
		D956CEDE2AF402EE00AAD117 /* RegisterWorker.swift */ = {isa = PBXFileReference; lastKnownFileType = sourcecode.swift; path = RegisterWorker.swift; sourceTree = "<group>"; };
		D956CEDF2AF402EE00AAD117 /* RegisterRouter.swift */ = {isa = PBXFileReference; lastKnownFileType = sourcecode.swift; path = RegisterRouter.swift; sourceTree = "<group>"; };
		D956CEE02AF402EE00AAD117 /* RegisterModels.swift */ = {isa = PBXFileReference; lastKnownFileType = sourcecode.swift; path = RegisterModels.swift; sourceTree = "<group>"; };
		D956CEE12AF402EE00AAD117 /* RegisterViewController.swift */ = {isa = PBXFileReference; lastKnownFileType = sourcecode.swift; path = RegisterViewController.swift; sourceTree = "<group>"; };
		D956CEE22AF402EE00AAD117 /* RegisterInteractor.swift */ = {isa = PBXFileReference; lastKnownFileType = sourcecode.swift; path = RegisterInteractor.swift; sourceTree = "<group>"; };
		D956CEE92AF402FC00AAD117 /* RegisterView.swift */ = {isa = PBXFileReference; lastKnownFileType = sourcecode.swift; path = RegisterView.swift; sourceTree = "<group>"; };
		D97797532ADC84A8001A3047 /* SwiftArquiteturas.app */ = {isa = PBXFileReference; explicitFileType = wrapper.application; includeInIndex = 0; path = SwiftArquiteturas.app; sourceTree = BUILT_PRODUCTS_DIR; };
		D97797562ADC84A8001A3047 /* AppDelegate.swift */ = {isa = PBXFileReference; lastKnownFileType = sourcecode.swift; path = AppDelegate.swift; sourceTree = "<group>"; };
		D97797582ADC84A9001A3047 /* SceneDelegate.swift */ = {isa = PBXFileReference; lastKnownFileType = sourcecode.swift; path = SceneDelegate.swift; sourceTree = "<group>"; };
		D977975F2ADC84AA001A3047 /* Assets.xcassets */ = {isa = PBXFileReference; lastKnownFileType = folder.assetcatalog; path = Assets.xcassets; sourceTree = "<group>"; };
		D97797642ADC84AA001A3047 /* Info.plist */ = {isa = PBXFileReference; lastKnownFileType = text.plist.xml; path = Info.plist; sourceTree = "<group>"; };
		D977976A2ADC8747001A3047 /* GoogleService-Info.plist */ = {isa = PBXFileReference; fileEncoding = 4; lastKnownFileType = text.plist.xml; path = "GoogleService-Info.plist"; sourceTree = "<group>"; };
		D9B42B812ADECC510076AB9D /* UserProvider.swift */ = {isa = PBXFileReference; lastKnownFileType = sourcecode.swift; path = UserProvider.swift; sourceTree = "<group>"; };
		D9B42B832ADECD2B0076AB9D /* UserModel.swift */ = {isa = PBXFileReference; lastKnownFileType = sourcecode.swift; path = UserModel.swift; sourceTree = "<group>"; };
		D9B42B862ADED27E0076AB9D /* Constants.swift */ = {isa = PBXFileReference; lastKnownFileType = sourcecode.swift; path = Constants.swift; sourceTree = "<group>"; };
		D9B42B882ADED6960076AB9D /* UserBusiness.swift */ = {isa = PBXFileReference; lastKnownFileType = sourcecode.swift; path = UserBusiness.swift; sourceTree = "<group>"; };
		D9B42B8A2ADF0D3A0076AB9D /* UserManager.swift */ = {isa = PBXFileReference; lastKnownFileType = sourcecode.swift; path = UserManager.swift; sourceTree = "<group>"; };
		D9E275DE2AE706470075E628 /* UIColor+.swift */ = {isa = PBXFileReference; lastKnownFileType = sourcecode.swift; path = "UIColor+.swift"; sourceTree = "<group>"; };
/* End PBXFileReference section */

/* Begin PBXFrameworksBuildPhase section */
		D97797502ADC84A8001A3047 /* Frameworks */ = {
			isa = PBXFrameworksBuildPhase;
			buildActionMask = 2147483647;
			files = (
				D97B27502AE5E6DD001130AA /* FirebaseDatabase in Frameworks */,
				D97B275E2AE5E6DD001130AA /* FirebaseFunctionsCombine-Community in Frameworks */,
				D97B27562AE5E6DD001130AA /* FirebaseFirestore in Frameworks */,
				D97B27422AE5E6DD001130AA /* FirebaseAnalyticsSwift in Frameworks */,
				D97B273E2AE5E6DD001130AA /* FirebaseAnalytics in Frameworks */,
				D97B27402AE5E6DD001130AA /* FirebaseAnalyticsOnDeviceConversion in Frameworks */,
				D97B27662AE5E6DD001130AA /* FirebaseMLModelDownloader in Frameworks */,
				D97B275A2AE5E6DD001130AA /* FirebaseFirestoreSwift in Frameworks */,
				D97B27462AE5E6DD001130AA /* FirebaseAppCheck in Frameworks */,
				D97B27442AE5E6DD001130AA /* FirebaseAnalyticsWithoutAdIdSupport in Frameworks */,
				D97B274A2AE5E6DD001130AA /* FirebaseAuth in Frameworks */,
				D97B274E2AE5E6DD001130AA /* FirebaseCrashlytics in Frameworks */,
				D97B276E2AE5E6DD001130AA /* FirebaseRemoteConfigSwift in Frameworks */,
				D97B27602AE5E6DD001130AA /* FirebaseInAppMessaging-Beta in Frameworks */,
				D97B27522AE5E6DD001130AA /* FirebaseDatabaseSwift in Frameworks */,
				D97B275C2AE5E6DD001130AA /* FirebaseFunctions in Frameworks */,
				D97B27722AE5E6DD001130AA /* FirebaseStorageCombine-Community in Frameworks */,
				D97B276C2AE5E6DD001130AA /* FirebaseRemoteConfig in Frameworks */,
				D97B27482AE5E6DD001130AA /* FirebaseAppDistribution-Beta in Frameworks */,
				D97B274C2AE5E6DD001130AA /* FirebaseAuthCombine-Community in Frameworks */,
				D97B276A2AE5E6DD001130AA /* FirebasePerformance in Frameworks */,
				D97B27622AE5E6DD001130AA /* FirebaseInAppMessagingSwift-Beta in Frameworks */,
				D97B27702AE5E6DD001130AA /* FirebaseStorage in Frameworks */,
				D97B27542AE5E6DD001130AA /* FirebaseDynamicLinks in Frameworks */,
				D97B27582AE5E6DD001130AA /* FirebaseFirestoreCombine-Community in Frameworks */,
				D97B27682AE5E6DD001130AA /* FirebaseMessaging in Frameworks */,
				D97B27642AE5E6DD001130AA /* FirebaseInstallations in Frameworks */,
			);
			runOnlyForDeploymentPostprocessing = 0;
		};
/* End PBXFrameworksBuildPhase section */

/* Begin PBXGroup section */
		D956CEBD2AF3EF7800AAD117 /* Scene */ = {
			isa = PBXGroup;
			children = (
				D956CEC02AF3EF9800AAD117 /* Home */,
				D956CEBF2AF3EF9000AAD117 /* Register */,
				D956CEBE2AF3EF8A00AAD117 /* Login */,
			);
			path = Scene;
			sourceTree = "<group>";
		};
		D956CEBE2AF3EF8A00AAD117 /* Login */ = {
			isa = PBXGroup;
			children = (
				D956CECF2AF400D700AAD117 /* LoginPresenter.swift */,
				D956CED02AF400D700AAD117 /* LoginWorker.swift */,
				D956CED12AF400D700AAD117 /* LoginRouter.swift */,
				D956CED22AF400D700AAD117 /* LoginModels.swift */,
				D956CED32AF400D700AAD117 /* LoginViewController.swift */,
				D956CED42AF400D700AAD117 /* LoginInteractor.swift */,
				D956CEDB2AF400EA00AAD117 /* LoginView.swift */,
			);
			path = Login;
			sourceTree = "<group>";
		};
		D956CEBF2AF3EF9000AAD117 /* Register */ = {
			isa = PBXGroup;
			children = (
				D956CEDD2AF402EE00AAD117 /* RegisterPresenter.swift */,
				D956CEDE2AF402EE00AAD117 /* RegisterWorker.swift */,
				D956CEDF2AF402EE00AAD117 /* RegisterRouter.swift */,
				D956CEE02AF402EE00AAD117 /* RegisterModels.swift */,
				D956CEE12AF402EE00AAD117 /* RegisterViewController.swift */,
				D956CEE22AF402EE00AAD117 /* RegisterInteractor.swift */,
				D956CEE92AF402FC00AAD117 /* RegisterView.swift */,
			);
			path = Register;
			sourceTree = "<group>";
		};
		D956CEC02AF3EF9800AAD117 /* Home */ = {
			isa = PBXGroup;
			children = (
				D956CEC12AF3F41100AAD117 /* HomePresenter.swift */,
				D956CEC22AF3F41100AAD117 /* HomeWorker.swift */,
				D956CEC32AF3F41100AAD117 /* HomeRouter.swift */,
				D956CEC42AF3F41100AAD117 /* HomeModels.swift */,
				D956CEC52AF3F41100AAD117 /* HomeViewController.swift */,
				D956CEC62AF3F41100AAD117 /* HomeInteractor.swift */,
				D956CECD2AF3FC2600AAD117 /* HomeView.swift */,
			);
			path = Home;
			sourceTree = "<group>";
		};
		D977974A2ADC84A8001A3047 = {
			isa = PBXGroup;
			children = (
				D97797552ADC84A8001A3047 /* SwiftArquiteturas */,
				D97797542ADC84A8001A3047 /* Products */,
			);
			sourceTree = "<group>";
		};
		D97797542ADC84A8001A3047 /* Products */ = {
			isa = PBXGroup;
			children = (
				D97797532ADC84A8001A3047 /* SwiftArquiteturas.app */,
			);
			name = Products;
			sourceTree = "<group>";
		};
		D97797552ADC84A8001A3047 /* SwiftArquiteturas */ = {
			isa = PBXGroup;
			children = (
				D956CEBD2AF3EF7800AAD117 /* Scene */,
				D9B42B852ADED2520076AB9D /* Infrastructure */,
				D97797702ADC8E1F001A3047 /* Source */,
				D977976C2ADC8DE8001A3047 /* API */,
				D97797642ADC84AA001A3047 /* Info.plist */,
				D977976A2ADC8747001A3047 /* GoogleService-Info.plist */,
			);
			path = SwiftArquiteturas;
			sourceTree = "<group>";
		};
		D977976C2ADC8DE8001A3047 /* API */ = {
			isa = PBXGroup;
			children = (
				D9B42B802ADECBE60076AB9D /* Model */,
				D977976F2ADC8E09001A3047 /* Provider */,
				D977976E2ADC8E01001A3047 /* Manager */,
				D977976D2ADC8DF7001A3047 /* Business */,
			);
			path = API;
			sourceTree = "<group>";
		};
		D977976D2ADC8DF7001A3047 /* Business */ = {
			isa = PBXGroup;
			children = (
				D9B42B882ADED6960076AB9D /* UserBusiness.swift */,
			);
			path = Business;
			sourceTree = "<group>";
		};
		D977976E2ADC8E01001A3047 /* Manager */ = {
			isa = PBXGroup;
			children = (
				D9B42B8A2ADF0D3A0076AB9D /* UserManager.swift */,
			);
			path = Manager;
			sourceTree = "<group>";
		};
		D977976F2ADC8E09001A3047 /* Provider */ = {
			isa = PBXGroup;
			children = (
				D9B42B812ADECC510076AB9D /* UserProvider.swift */,
			);
			path = Provider;
			sourceTree = "<group>";
		};
		D97797702ADC8E1F001A3047 /* Source */ = {
			isa = PBXGroup;
			children = (
				D97797562ADC84A8001A3047 /* AppDelegate.swift */,
				D97797582ADC84A9001A3047 /* SceneDelegate.swift */,
				D956CEBB2AF3EDDE00AAD117 /* ViewController.swift */,
				D977975F2ADC84AA001A3047 /* Assets.xcassets */,
			);
			path = Source;
			sourceTree = "<group>";
		};
		D9B42B802ADECBE60076AB9D /* Model */ = {
			isa = PBXGroup;
			children = (
				D9B42B832ADECD2B0076AB9D /* UserModel.swift */,
			);
			path = Model;
			sourceTree = "<group>";
		};
		D9B42B852ADED2520076AB9D /* Infrastructure */ = {
			isa = PBXGroup;
			children = (
				D9B42B862ADED27E0076AB9D /* Constants.swift */,
				D9E275DE2AE706470075E628 /* UIColor+.swift */,
				D91CFD722AE8507300646FB9 /* UITextField+.swift */,
			);
			path = Infrastructure;
			sourceTree = "<group>";
		};
/* End PBXGroup section */

/* Begin PBXNativeTarget section */
		D97797522ADC84A8001A3047 /* SwiftArquiteturas */ = {
			isa = PBXNativeTarget;
			buildConfigurationList = D97797672ADC84AA001A3047 /* Build configuration list for PBXNativeTarget "SwiftArquiteturas" */;
			buildPhases = (
				D977974F2ADC84A8001A3047 /* Sources */,
				D97797502ADC84A8001A3047 /* Frameworks */,
				D97797512ADC84A8001A3047 /* Resources */,
			);
			buildRules = (
			);
			dependencies = (
			);
			name = SwiftArquiteturas;
			packageProductDependencies = (
				D97B273D2AE5E6DD001130AA /* FirebaseAnalytics */,
				D97B273F2AE5E6DD001130AA /* FirebaseAnalyticsOnDeviceConversion */,
				D97B27412AE5E6DD001130AA /* FirebaseAnalyticsSwift */,
				D97B27432AE5E6DD001130AA /* FirebaseAnalyticsWithoutAdIdSupport */,
				D97B27452AE5E6DD001130AA /* FirebaseAppCheck */,
				D97B27472AE5E6DD001130AA /* FirebaseAppDistribution-Beta */,
				D97B27492AE5E6DD001130AA /* FirebaseAuth */,
				D97B274B2AE5E6DD001130AA /* FirebaseAuthCombine-Community */,
				D97B274D2AE5E6DD001130AA /* FirebaseCrashlytics */,
				D97B274F2AE5E6DD001130AA /* FirebaseDatabase */,
				D97B27512AE5E6DD001130AA /* FirebaseDatabaseSwift */,
				D97B27532AE5E6DD001130AA /* FirebaseDynamicLinks */,
				D97B27552AE5E6DD001130AA /* FirebaseFirestore */,
				D97B27572AE5E6DD001130AA /* FirebaseFirestoreCombine-Community */,
				D97B27592AE5E6DD001130AA /* FirebaseFirestoreSwift */,
				D97B275B2AE5E6DD001130AA /* FirebaseFunctions */,
				D97B275D2AE5E6DD001130AA /* FirebaseFunctionsCombine-Community */,
				D97B275F2AE5E6DD001130AA /* FirebaseInAppMessaging-Beta */,
				D97B27612AE5E6DD001130AA /* FirebaseInAppMessagingSwift-Beta */,
				D97B27632AE5E6DD001130AA /* FirebaseInstallations */,
				D97B27652AE5E6DD001130AA /* FirebaseMLModelDownloader */,
				D97B27672AE5E6DD001130AA /* FirebaseMessaging */,
				D97B27692AE5E6DD001130AA /* FirebasePerformance */,
				D97B276B2AE5E6DD001130AA /* FirebaseRemoteConfig */,
				D97B276D2AE5E6DD001130AA /* FirebaseRemoteConfigSwift */,
				D97B276F2AE5E6DD001130AA /* FirebaseStorage */,
				D97B27712AE5E6DD001130AA /* FirebaseStorageCombine-Community */,
			);
			productName = SwiftArquiteturas;
			productReference = D97797532ADC84A8001A3047 /* SwiftArquiteturas.app */;
			productType = "com.apple.product-type.application";
		};
/* End PBXNativeTarget section */

/* Begin PBXProject section */
		D977974B2ADC84A8001A3047 /* Project object */ = {
			isa = PBXProject;
			attributes = {
				BuildIndependentTargetsInParallel = 1;
				LastSwiftUpdateCheck = 1500;
				LastUpgradeCheck = 1500;
				TargetAttributes = {
					D97797522ADC84A8001A3047 = {
						CreatedOnToolsVersion = 15.0;
					};
				};
			};
			buildConfigurationList = D977974E2ADC84A8001A3047 /* Build configuration list for PBXProject "SwiftArquiteturas" */;
			compatibilityVersion = "Xcode 14.0";
			developmentRegion = en;
			hasScannedForEncodings = 0;
			knownRegions = (
				en,
				Base,
			);
			mainGroup = D977974A2ADC84A8001A3047;
			packageReferences = (
				D97B273C2AE5E6DD001130AA /* XCRemoteSwiftPackageReference "firebase-ios-sdk" */,
			);
			productRefGroup = D97797542ADC84A8001A3047 /* Products */;
			projectDirPath = "";
			projectRoot = "";
			targets = (
				D97797522ADC84A8001A3047 /* SwiftArquiteturas */,
			);
		};
/* End PBXProject section */

/* Begin PBXResourcesBuildPhase section */
		D97797512ADC84A8001A3047 /* Resources */ = {
			isa = PBXResourcesBuildPhase;
			buildActionMask = 2147483647;
			files = (
				D977976B2ADC8747001A3047 /* GoogleService-Info.plist in Resources */,
				D97797602ADC84AA001A3047 /* Assets.xcassets in Resources */,
			);
			runOnlyForDeploymentPostprocessing = 0;
		};
/* End PBXResourcesBuildPhase section */

/* Begin PBXSourcesBuildPhase section */
		D977974F2ADC84A8001A3047 /* Sources */ = {
			isa = PBXSourcesBuildPhase;
			buildActionMask = 2147483647;
			files = (
				D97797572ADC84A8001A3047 /* AppDelegate.swift in Sources */,
				D97797592ADC84A9001A3047 /* SceneDelegate.swift in Sources */,
				D956CEEA2AF402FC00AAD117 /* RegisterView.swift in Sources */,
				D9B42B842ADECD2B0076AB9D /* UserModel.swift in Sources */,
				D956CECC2AF3F41100AAD117 /* HomeInteractor.swift in Sources */,
				D9E275DF2AE706470075E628 /* UIColor+.swift in Sources */,
				D956CEDA2AF400D700AAD117 /* LoginInteractor.swift in Sources */,
				D956CEDC2AF400EB00AAD117 /* LoginView.swift in Sources */,
				D956CECE2AF3FC2600AAD117 /* HomeView.swift in Sources */,
				D9B42B822ADECC510076AB9D /* UserProvider.swift in Sources */,
				D956CECB2AF3F41100AAD117 /* HomeViewController.swift in Sources */,
				D9B42B872ADED27E0076AB9D /* Constants.swift in Sources */,
				D956CED82AF400D700AAD117 /* LoginModels.swift in Sources */,
				D956CED92AF400D700AAD117 /* LoginViewController.swift in Sources */,
				D956CECA2AF3F41100AAD117 /* HomeModels.swift in Sources */,
				D956CEE52AF402EE00AAD117 /* RegisterRouter.swift in Sources */,
				D956CEC92AF3F41100AAD117 /* HomeRouter.swift in Sources */,
				D91CFD732AE8507300646FB9 /* UITextField+.swift in Sources */,
				D956CED52AF400D700AAD117 /* LoginPresenter.swift in Sources */,
				D9B42B8B2ADF0D3A0076AB9D /* UserManager.swift in Sources */,
				D956CEBC2AF3EDDE00AAD117 /* ViewController.swift in Sources */,
				D9B42B892ADED6960076AB9D /* UserBusiness.swift in Sources */,
				D956CEE82AF402EE00AAD117 /* RegisterInteractor.swift in Sources */,
				D956CEE32AF402EE00AAD117 /* RegisterPresenter.swift in Sources */,
				D956CEC82AF3F41100AAD117 /* HomeWorker.swift in Sources */,
				D956CED62AF400D700AAD117 /* LoginWorker.swift in Sources */,
				D956CEE62AF402EE00AAD117 /* RegisterModels.swift in Sources */,
				D956CED72AF400D700AAD117 /* LoginRouter.swift in Sources */,
				D956CEE42AF402EE00AAD117 /* RegisterWorker.swift in Sources */,
				D956CEC72AF3F41100AAD117 /* HomePresenter.swift in Sources */,
				D956CEE72AF402EE00AAD117 /* RegisterViewController.swift in Sources */,
			);
			runOnlyForDeploymentPostprocessing = 0;
		};
/* End PBXSourcesBuildPhase section */

/* Begin XCBuildConfiguration section */
		D97797652ADC84AA001A3047 /* Debug */ = {
			isa = XCBuildConfiguration;
			buildSettings = {
				ALWAYS_SEARCH_USER_PATHS = NO;
				ASSETCATALOG_COMPILER_GENERATE_SWIFT_ASSET_SYMBOL_EXTENSIONS = YES;
				CLANG_ANALYZER_NONNULL = YES;
				CLANG_ANALYZER_NUMBER_OBJECT_CONVERSION = YES_AGGRESSIVE;
				CLANG_CXX_LANGUAGE_STANDARD = "gnu++20";
				CLANG_ENABLE_MODULES = YES;
				CLANG_ENABLE_OBJC_ARC = YES;
				CLANG_ENABLE_OBJC_WEAK = YES;
				CLANG_WARN_BLOCK_CAPTURE_AUTORELEASING = YES;
				CLANG_WARN_BOOL_CONVERSION = YES;
				CLANG_WARN_COMMA = YES;
				CLANG_WARN_CONSTANT_CONVERSION = YES;
				CLANG_WARN_DEPRECATED_OBJC_IMPLEMENTATIONS = YES;
				CLANG_WARN_DIRECT_OBJC_ISA_USAGE = YES_ERROR;
				CLANG_WARN_DOCUMENTATION_COMMENTS = YES;
				CLANG_WARN_EMPTY_BODY = YES;
				CLANG_WARN_ENUM_CONVERSION = YES;
				CLANG_WARN_INFINITE_RECURSION = YES;
				CLANG_WARN_INT_CONVERSION = YES;
				CLANG_WARN_NON_LITERAL_NULL_CONVERSION = YES;
				CLANG_WARN_OBJC_IMPLICIT_RETAIN_SELF = YES;
				CLANG_WARN_OBJC_LITERAL_CONVERSION = YES;
				CLANG_WARN_OBJC_ROOT_CLASS = YES_ERROR;
				CLANG_WARN_QUOTED_INCLUDE_IN_FRAMEWORK_HEADER = YES;
				CLANG_WARN_RANGE_LOOP_ANALYSIS = YES;
				CLANG_WARN_STRICT_PROTOTYPES = YES;
				CLANG_WARN_SUSPICIOUS_MOVE = YES;
				CLANG_WARN_UNGUARDED_AVAILABILITY = YES_AGGRESSIVE;
				CLANG_WARN_UNREACHABLE_CODE = YES;
				CLANG_WARN__DUPLICATE_METHOD_MATCH = YES;
				COPY_PHASE_STRIP = NO;
				DEBUG_INFORMATION_FORMAT = dwarf;
				ENABLE_STRICT_OBJC_MSGSEND = YES;
				ENABLE_TESTABILITY = YES;
				ENABLE_USER_SCRIPT_SANDBOXING = NO;
				GCC_C_LANGUAGE_STANDARD = gnu17;
				GCC_DYNAMIC_NO_PIC = NO;
				GCC_NO_COMMON_BLOCKS = YES;
				GCC_OPTIMIZATION_LEVEL = 0;
				GCC_PREPROCESSOR_DEFINITIONS = (
					"DEBUG=1",
					"$(inherited)",
				);
				GCC_WARN_64_TO_32_BIT_CONVERSION = YES;
				GCC_WARN_ABOUT_RETURN_TYPE = YES_ERROR;
				GCC_WARN_UNDECLARED_SELECTOR = YES;
				GCC_WARN_UNINITIALIZED_AUTOS = YES_AGGRESSIVE;
				GCC_WARN_UNUSED_FUNCTION = YES;
				GCC_WARN_UNUSED_VARIABLE = YES;
				IPHONEOS_DEPLOYMENT_TARGET = 17.0;
				LOCALIZATION_PREFERS_STRING_CATALOGS = YES;
				MTL_ENABLE_DEBUG_INFO = INCLUDE_SOURCE;
				MTL_FAST_MATH = YES;
				ONLY_ACTIVE_ARCH = YES;
				SDKROOT = iphoneos;
				SWIFT_ACTIVE_COMPILATION_CONDITIONS = "DEBUG $(inherited)";
				SWIFT_OPTIMIZATION_LEVEL = "-Onone";
			};
			name = Debug;
		};
		D97797662ADC84AA001A3047 /* Release */ = {
			isa = XCBuildConfiguration;
			buildSettings = {
				ALWAYS_SEARCH_USER_PATHS = NO;
				ASSETCATALOG_COMPILER_GENERATE_SWIFT_ASSET_SYMBOL_EXTENSIONS = YES;
				CLANG_ANALYZER_NONNULL = YES;
				CLANG_ANALYZER_NUMBER_OBJECT_CONVERSION = YES_AGGRESSIVE;
				CLANG_CXX_LANGUAGE_STANDARD = "gnu++20";
				CLANG_ENABLE_MODULES = YES;
				CLANG_ENABLE_OBJC_ARC = YES;
				CLANG_ENABLE_OBJC_WEAK = YES;
				CLANG_WARN_BLOCK_CAPTURE_AUTORELEASING = YES;
				CLANG_WARN_BOOL_CONVERSION = YES;
				CLANG_WARN_COMMA = YES;
				CLANG_WARN_CONSTANT_CONVERSION = YES;
				CLANG_WARN_DEPRECATED_OBJC_IMPLEMENTATIONS = YES;
				CLANG_WARN_DIRECT_OBJC_ISA_USAGE = YES_ERROR;
				CLANG_WARN_DOCUMENTATION_COMMENTS = YES;
				CLANG_WARN_EMPTY_BODY = YES;
				CLANG_WARN_ENUM_CONVERSION = YES;
				CLANG_WARN_INFINITE_RECURSION = YES;
				CLANG_WARN_INT_CONVERSION = YES;
				CLANG_WARN_NON_LITERAL_NULL_CONVERSION = YES;
				CLANG_WARN_OBJC_IMPLICIT_RETAIN_SELF = YES;
				CLANG_WARN_OBJC_LITERAL_CONVERSION = YES;
				CLANG_WARN_OBJC_ROOT_CLASS = YES_ERROR;
				CLANG_WARN_QUOTED_INCLUDE_IN_FRAMEWORK_HEADER = YES;
				CLANG_WARN_RANGE_LOOP_ANALYSIS = YES;
				CLANG_WARN_STRICT_PROTOTYPES = YES;
				CLANG_WARN_SUSPICIOUS_MOVE = YES;
				CLANG_WARN_UNGUARDED_AVAILABILITY = YES_AGGRESSIVE;
				CLANG_WARN_UNREACHABLE_CODE = YES;
				CLANG_WARN__DUPLICATE_METHOD_MATCH = YES;
				COPY_PHASE_STRIP = NO;
				DEBUG_INFORMATION_FORMAT = "dwarf-with-dsym";
				ENABLE_NS_ASSERTIONS = NO;
				ENABLE_STRICT_OBJC_MSGSEND = YES;
				ENABLE_USER_SCRIPT_SANDBOXING = NO;
				GCC_C_LANGUAGE_STANDARD = gnu17;
				GCC_NO_COMMON_BLOCKS = YES;
				GCC_WARN_64_TO_32_BIT_CONVERSION = YES;
				GCC_WARN_ABOUT_RETURN_TYPE = YES_ERROR;
				GCC_WARN_UNDECLARED_SELECTOR = YES;
				GCC_WARN_UNINITIALIZED_AUTOS = YES_AGGRESSIVE;
				GCC_WARN_UNUSED_FUNCTION = YES;
				GCC_WARN_UNUSED_VARIABLE = YES;
				IPHONEOS_DEPLOYMENT_TARGET = 17.0;
				LOCALIZATION_PREFERS_STRING_CATALOGS = YES;
				MTL_ENABLE_DEBUG_INFO = NO;
				MTL_FAST_MATH = YES;
				SDKROOT = iphoneos;
				SWIFT_COMPILATION_MODE = wholemodule;
				VALIDATE_PRODUCT = YES;
			};
			name = Release;
		};
		D97797682ADC84AA001A3047 /* Debug */ = {
			isa = XCBuildConfiguration;
			buildSettings = {
				ASSETCATALOG_COMPILER_APPICON_NAME = AppIcon;
				ASSETCATALOG_COMPILER_GLOBAL_ACCENT_COLOR_NAME = AccentColor;
				CODE_SIGN_STYLE = Automatic;
				CURRENT_PROJECT_VERSION = 1;
				DEVELOPMENT_TEAM = G5KVK9F6R4;
				GENERATE_INFOPLIST_FILE = YES;
				INFOPLIST_FILE = SwiftArquiteturas/Info.plist;
				INFOPLIST_KEY_UIApplicationSupportsIndirectInputEvents = YES;
				INFOPLIST_KEY_UILaunchStoryboardName = LaunchScreen;
				INFOPLIST_KEY_UIMainStoryboardFile = "";
				INFOPLIST_KEY_UISupportedInterfaceOrientations_iPad = "UIInterfaceOrientationPortrait UIInterfaceOrientationPortraitUpsideDown UIInterfaceOrientationLandscapeLeft UIInterfaceOrientationLandscapeRight";
				INFOPLIST_KEY_UISupportedInterfaceOrientations_iPhone = "UIInterfaceOrientationPortrait UIInterfaceOrientationLandscapeLeft UIInterfaceOrientationLandscapeRight";
				LD_RUNPATH_SEARCH_PATHS = (
					"$(inherited)",
					"@executable_path/Frameworks",
				);
				MARKETING_VERSION = 1.0;
				PRODUCT_BUNDLE_IDENTIFIER = bmsfrotend.SwiftArquiteturas;
				PRODUCT_NAME = "$(TARGET_NAME)";
				SWIFT_EMIT_LOC_STRINGS = YES;
				SWIFT_VERSION = 5.0;
				TARGETED_DEVICE_FAMILY = "1,2";
			};
			name = Debug;
		};
		D97797692ADC84AA001A3047 /* Release */ = {
			isa = XCBuildConfiguration;
			buildSettings = {
				ASSETCATALOG_COMPILER_APPICON_NAME = AppIcon;
				ASSETCATALOG_COMPILER_GLOBAL_ACCENT_COLOR_NAME = AccentColor;
				CODE_SIGN_STYLE = Automatic;
				CURRENT_PROJECT_VERSION = 1;
				DEVELOPMENT_TEAM = G5KVK9F6R4;
				GENERATE_INFOPLIST_FILE = YES;
				INFOPLIST_FILE = SwiftArquiteturas/Info.plist;
				INFOPLIST_KEY_UIApplicationSupportsIndirectInputEvents = YES;
				INFOPLIST_KEY_UILaunchStoryboardName = LaunchScreen;
				INFOPLIST_KEY_UIMainStoryboardFile = "";
				INFOPLIST_KEY_UISupportedInterfaceOrientations_iPad = "UIInterfaceOrientationPortrait UIInterfaceOrientationPortraitUpsideDown UIInterfaceOrientationLandscapeLeft UIInterfaceOrientationLandscapeRight";
				INFOPLIST_KEY_UISupportedInterfaceOrientations_iPhone = "UIInterfaceOrientationPortrait UIInterfaceOrientationLandscapeLeft UIInterfaceOrientationLandscapeRight";
				LD_RUNPATH_SEARCH_PATHS = (
					"$(inherited)",
					"@executable_path/Frameworks",
				);
				MARKETING_VERSION = 1.0;
				PRODUCT_BUNDLE_IDENTIFIER = bmsfrotend.SwiftArquiteturas;
				PRODUCT_NAME = "$(TARGET_NAME)";
				SWIFT_EMIT_LOC_STRINGS = YES;
				SWIFT_VERSION = 5.0;
				TARGETED_DEVICE_FAMILY = "1,2";
			};
			name = Release;
		};
/* End XCBuildConfiguration section */

/* Begin XCConfigurationList section */
		D977974E2ADC84A8001A3047 /* Build configuration list for PBXProject "SwiftArquiteturas" */ = {
			isa = XCConfigurationList;
			buildConfigurations = (
				D97797652ADC84AA001A3047 /* Debug */,
				D97797662ADC84AA001A3047 /* Release */,
			);
			defaultConfigurationIsVisible = 0;
			defaultConfigurationName = Release;
		};
		D97797672ADC84AA001A3047 /* Build configuration list for PBXNativeTarget "SwiftArquiteturas" */ = {
			isa = XCConfigurationList;
			buildConfigurations = (
				D97797682ADC84AA001A3047 /* Debug */,
				D97797692ADC84AA001A3047 /* Release */,
			);
			defaultConfigurationIsVisible = 0;
			defaultConfigurationName = Release;
		};
/* End XCConfigurationList section */

/* Begin XCRemoteSwiftPackageReference section */
		D97B273C2AE5E6DD001130AA /* XCRemoteSwiftPackageReference "firebase-ios-sdk" */ = {
			isa = XCRemoteSwiftPackageReference;
			repositoryURL = "https://github.com/firebase/firebase-ios-sdk";
			requirement = {
				kind = upToNextMajorVersion;
				minimumVersion = 10.16.0;
			};
		};
/* End XCRemoteSwiftPackageReference section */

/* Begin XCSwiftPackageProductDependency section */
		D97B273D2AE5E6DD001130AA /* FirebaseAnalytics */ = {
			isa = XCSwiftPackageProductDependency;
			package = D97B273C2AE5E6DD001130AA /* XCRemoteSwiftPackageReference "firebase-ios-sdk" */;
			productName = FirebaseAnalytics;
		};
		D97B273F2AE5E6DD001130AA /* FirebaseAnalyticsOnDeviceConversion */ = {
			isa = XCSwiftPackageProductDependency;
			package = D97B273C2AE5E6DD001130AA /* XCRemoteSwiftPackageReference "firebase-ios-sdk" */;
			productName = FirebaseAnalyticsOnDeviceConversion;
		};
		D97B27412AE5E6DD001130AA /* FirebaseAnalyticsSwift */ = {
			isa = XCSwiftPackageProductDependency;
			package = D97B273C2AE5E6DD001130AA /* XCRemoteSwiftPackageReference "firebase-ios-sdk" */;
			productName = FirebaseAnalyticsSwift;
		};
		D97B27432AE5E6DD001130AA /* FirebaseAnalyticsWithoutAdIdSupport */ = {
			isa = XCSwiftPackageProductDependency;
			package = D97B273C2AE5E6DD001130AA /* XCRemoteSwiftPackageReference "firebase-ios-sdk" */;
			productName = FirebaseAnalyticsWithoutAdIdSupport;
		};
		D97B27452AE5E6DD001130AA /* FirebaseAppCheck */ = {
			isa = XCSwiftPackageProductDependency;
			package = D97B273C2AE5E6DD001130AA /* XCRemoteSwiftPackageReference "firebase-ios-sdk" */;
			productName = FirebaseAppCheck;
		};
		D97B27472AE5E6DD001130AA /* FirebaseAppDistribution-Beta */ = {
			isa = XCSwiftPackageProductDependency;
			package = D97B273C2AE5E6DD001130AA /* XCRemoteSwiftPackageReference "firebase-ios-sdk" */;
			productName = "FirebaseAppDistribution-Beta";
		};
		D97B27492AE5E6DD001130AA /* FirebaseAuth */ = {
			isa = XCSwiftPackageProductDependency;
			package = D97B273C2AE5E6DD001130AA /* XCRemoteSwiftPackageReference "firebase-ios-sdk" */;
			productName = FirebaseAuth;
		};
		D97B274B2AE5E6DD001130AA /* FirebaseAuthCombine-Community */ = {
			isa = XCSwiftPackageProductDependency;
			package = D97B273C2AE5E6DD001130AA /* XCRemoteSwiftPackageReference "firebase-ios-sdk" */;
			productName = "FirebaseAuthCombine-Community";
		};
		D97B274D2AE5E6DD001130AA /* FirebaseCrashlytics */ = {
			isa = XCSwiftPackageProductDependency;
			package = D97B273C2AE5E6DD001130AA /* XCRemoteSwiftPackageReference "firebase-ios-sdk" */;
			productName = FirebaseCrashlytics;
		};
		D97B274F2AE5E6DD001130AA /* FirebaseDatabase */ = {
			isa = XCSwiftPackageProductDependency;
			package = D97B273C2AE5E6DD001130AA /* XCRemoteSwiftPackageReference "firebase-ios-sdk" */;
			productName = FirebaseDatabase;
		};
		D97B27512AE5E6DD001130AA /* FirebaseDatabaseSwift */ = {
			isa = XCSwiftPackageProductDependency;
			package = D97B273C2AE5E6DD001130AA /* XCRemoteSwiftPackageReference "firebase-ios-sdk" */;
			productName = FirebaseDatabaseSwift;
		};
		D97B27532AE5E6DD001130AA /* FirebaseDynamicLinks */ = {
			isa = XCSwiftPackageProductDependency;
			package = D97B273C2AE5E6DD001130AA /* XCRemoteSwiftPackageReference "firebase-ios-sdk" */;
			productName = FirebaseDynamicLinks;
		};
		D97B27552AE5E6DD001130AA /* FirebaseFirestore */ = {
			isa = XCSwiftPackageProductDependency;
			package = D97B273C2AE5E6DD001130AA /* XCRemoteSwiftPackageReference "firebase-ios-sdk" */;
			productName = FirebaseFirestore;
		};
		D97B27572AE5E6DD001130AA /* FirebaseFirestoreCombine-Community */ = {
			isa = XCSwiftPackageProductDependency;
			package = D97B273C2AE5E6DD001130AA /* XCRemoteSwiftPackageReference "firebase-ios-sdk" */;
			productName = "FirebaseFirestoreCombine-Community";
		};
		D97B27592AE5E6DD001130AA /* FirebaseFirestoreSwift */ = {
			isa = XCSwiftPackageProductDependency;
			package = D97B273C2AE5E6DD001130AA /* XCRemoteSwiftPackageReference "firebase-ios-sdk" */;
			productName = FirebaseFirestoreSwift;
		};
		D97B275B2AE5E6DD001130AA /* FirebaseFunctions */ = {
			isa = XCSwiftPackageProductDependency;
			package = D97B273C2AE5E6DD001130AA /* XCRemoteSwiftPackageReference "firebase-ios-sdk" */;
			productName = FirebaseFunctions;
		};
		D97B275D2AE5E6DD001130AA /* FirebaseFunctionsCombine-Community */ = {
			isa = XCSwiftPackageProductDependency;
			package = D97B273C2AE5E6DD001130AA /* XCRemoteSwiftPackageReference "firebase-ios-sdk" */;
			productName = "FirebaseFunctionsCombine-Community";
		};
		D97B275F2AE5E6DD001130AA /* FirebaseInAppMessaging-Beta */ = {
			isa = XCSwiftPackageProductDependency;
			package = D97B273C2AE5E6DD001130AA /* XCRemoteSwiftPackageReference "firebase-ios-sdk" */;
			productName = "FirebaseInAppMessaging-Beta";
		};
		D97B27612AE5E6DD001130AA /* FirebaseInAppMessagingSwift-Beta */ = {
			isa = XCSwiftPackageProductDependency;
			package = D97B273C2AE5E6DD001130AA /* XCRemoteSwiftPackageReference "firebase-ios-sdk" */;
			productName = "FirebaseInAppMessagingSwift-Beta";
		};
		D97B27632AE5E6DD001130AA /* FirebaseInstallations */ = {
			isa = XCSwiftPackageProductDependency;
			package = D97B273C2AE5E6DD001130AA /* XCRemoteSwiftPackageReference "firebase-ios-sdk" */;
			productName = FirebaseInstallations;
		};
		D97B27652AE5E6DD001130AA /* FirebaseMLModelDownloader */ = {
			isa = XCSwiftPackageProductDependency;
			package = D97B273C2AE5E6DD001130AA /* XCRemoteSwiftPackageReference "firebase-ios-sdk" */;
			productName = FirebaseMLModelDownloader;
		};
		D97B27672AE5E6DD001130AA /* FirebaseMessaging */ = {
			isa = XCSwiftPackageProductDependency;
			package = D97B273C2AE5E6DD001130AA /* XCRemoteSwiftPackageReference "firebase-ios-sdk" */;
			productName = FirebaseMessaging;
		};
		D97B27692AE5E6DD001130AA /* FirebasePerformance */ = {
			isa = XCSwiftPackageProductDependency;
			package = D97B273C2AE5E6DD001130AA /* XCRemoteSwiftPackageReference "firebase-ios-sdk" */;
			productName = FirebasePerformance;
		};
		D97B276B2AE5E6DD001130AA /* FirebaseRemoteConfig */ = {
			isa = XCSwiftPackageProductDependency;
			package = D97B273C2AE5E6DD001130AA /* XCRemoteSwiftPackageReference "firebase-ios-sdk" */;
			productName = FirebaseRemoteConfig;
		};
		D97B276D2AE5E6DD001130AA /* FirebaseRemoteConfigSwift */ = {
			isa = XCSwiftPackageProductDependency;
			package = D97B273C2AE5E6DD001130AA /* XCRemoteSwiftPackageReference "firebase-ios-sdk" */;
			productName = FirebaseRemoteConfigSwift;
		};
		D97B276F2AE5E6DD001130AA /* FirebaseStorage */ = {
			isa = XCSwiftPackageProductDependency;
			package = D97B273C2AE5E6DD001130AA /* XCRemoteSwiftPackageReference "firebase-ios-sdk" */;
			productName = FirebaseStorage;
		};
		D97B27712AE5E6DD001130AA /* FirebaseStorageCombine-Community */ = {
			isa = XCSwiftPackageProductDependency;
			package = D97B273C2AE5E6DD001130AA /* XCRemoteSwiftPackageReference "firebase-ios-sdk" */;
			productName = "FirebaseStorageCombine-Community";
		};
/* End XCSwiftPackageProductDependency section */
	};
	rootObject = D977974B2ADC84A8001A3047 /* Project object */;
}
